
Microsoft Visual Studio Solution File, Format Version 12.00
# Visual Studio 15
VisualStudioVersion = 15.0.28307.271
MinimumVisualStudioVersion = 10.0.40219.1
Project("{9A19103F-16F7-4668-BE54-9A1E7A4F7556}") = "AngularCore", "AngularCore.csproj", "{7302B630-D7D5-42F9-815A-6560FF2D1047}"
EndProject
Global
	GlobalSection(SolutionConfigurationPlatforms) = preSolution
		Debug|Any CPU = Debug|Any CPU
		Release|Any CPU = Release|Any CPU
	EndGlobalSection
	GlobalSection(ProjectConfigurationPlatforms) = postSolution
		{7302B630-D7D5-42F9-815A-6560FF2D1047}.Debug|Any CPU.ActiveCfg = Debug|Any CPU
		{7302B630-D7D5-42F9-815A-6560FF2D1047}.Debug|Any CPU.Build.0 = Debug|Any CPU
		{7302B630-D7D5-42F9-815A-6560FF2D1047}.Release|Any CPU.ActiveCfg = Release|Any CPU
		{7302B630-D7D5-42F9-815A-6560FF2D1047}.Release|Any CPU.Build.0 = Release|Any CPU
	EndGlobalSection
	GlobalSection(SolutionProperties) = preSolution
		HideSolutionNode = FALSE
	EndGlobalSection
	GlobalSection(ExtensibilityGlobals) = postSolution
		SolutionGuid = {D652429B-7945-46F6-A03A-050B20773CA2}
	EndGlobalSection
EndGlobal
